// !$*UTF8*$!
{
	archiveVersion = 1;
	classes = {
	};
	objectVersion = 56;
	objects = {

/* Begin PBXBuildFile section */
		111C0B2A2B44928A0018FE09 /* AppDelegate.swift in Sources */ = {isa = PBXBuildFile; fileRef = 111C0B292B44928A0018FE09 /* AppDelegate.swift */; };
		111C0B2C2B44928A0018FE09 /* SceneDelegate.swift in Sources */ = {isa = PBXBuildFile; fileRef = 111C0B2B2B44928A0018FE09 /* SceneDelegate.swift */; };
		111C0B2E2B44928A0018FE09 /* ViewController.swift in Sources */ = {isa = PBXBuildFile; fileRef = 111C0B2D2B44928A0018FE09 /* ViewController.swift */; };
		111C0B312B44928A0018FE09 /* Main.storyboard in Resources */ = {isa = PBXBuildFile; fileRef = 111C0B2F2B44928A0018FE09 /* Main.storyboard */; };
		111C0B332B44928C0018FE09 /* Assets.xcassets in Resources */ = {isa = PBXBuildFile; fileRef = 111C0B322B44928C0018FE09 /* Assets.xcassets */; };
		111C0B362B44928C0018FE09 /* LaunchScreen.storyboard in Resources */ = {isa = PBXBuildFile; fileRef = 111C0B342B44928C0018FE09 /* LaunchScreen.storyboard */; };
		111C0B412B44928C0018FE09 /* moviesApplicationTestTests.swift in Sources */ = {isa = PBXBuildFile; fileRef = 111C0B402B44928C0018FE09 /* moviesApplicationTestTests.swift */; };
		111C0B4B2B44928C0018FE09 /* moviesApplicationTestUITests.swift in Sources */ = {isa = PBXBuildFile; fileRef = 111C0B4A2B44928C0018FE09 /* moviesApplicationTestUITests.swift */; };
		111C0B4D2B44928C0018FE09 /* moviesApplicationTestUITestsLaunchTests.swift in Sources */ = {isa = PBXBuildFile; fileRef = 111C0B4C2B44928C0018FE09 /* moviesApplicationTestUITestsLaunchTests.swift */; };
/* End PBXBuildFile section */

/* Begin PBXContainerItemProxy section */
		111C0B3D2B44928C0018FE09 /* PBXContainerItemProxy */ = {
			isa = PBXContainerItemProxy;
			containerPortal = 111C0B1E2B44928A0018FE09 /* Project object */;
			proxyType = 1;
			remoteGlobalIDString = 111C0B252B44928A0018FE09;
			remoteInfo = moviesApplicationTest;
		};
		111C0B472B44928C0018FE09 /* PBXContainerItemProxy */ = {
			isa = PBXContainerItemProxy;
			containerPortal = 111C0B1E2B44928A0018FE09 /* Project object */;
			proxyType = 1;
			remoteGlobalIDString = 111C0B252B44928A0018FE09;
			remoteInfo = moviesApplicationTest;
		};
/* End PBXContainerItemProxy section */

/* Begin PBXFileReference section */
		111C0B262B44928A0018FE09 /* moviesApplicationTest.app */ = {isa = PBXFileReference; explicitFileType = wrapper.application; includeInIndex = 0; path = moviesApplicationTest.app; sourceTree = BUILT_PRODUCTS_DIR; };
		111C0B292B44928A0018FE09 /* AppDelegate.swift */ = {isa = PBXFileReference; lastKnownFileType = sourcecode.swift; path = AppDelegate.swift; sourceTree = "<group>"; };
		111C0B2B2B44928A0018FE09 /* SceneDelegate.swift */ = {isa = PBXFileReference; lastKnownFileType = sourcecode.swift; path = SceneDelegate.swift; sourceTree = "<group>"; };
		111C0B2D2B44928A0018FE09 /* ViewController.swift */ = {isa = PBXFileReference; lastKnownFileType = sourcecode.swift; path = ViewController.swift; sourceTree = "<group>"; };
		111C0B302B44928A0018FE09 /* Base */ = {isa = PBXFileReference; lastKnownFileType = file.storyboard; name = Base; path = Base.lproj/Main.storyboard; sourceTree = "<group>"; };
		111C0B322B44928C0018FE09 /* Assets.xcassets */ = {isa = PBXFileReference; lastKnownFileType = folder.assetcatalog; path = Assets.xcassets; sourceTree = "<group>"; };
		111C0B352B44928C0018FE09 /* Base */ = {isa = PBXFileReference; lastKnownFileType = file.storyboard; name = Base; path = Base.lproj/LaunchScreen.storyboard; sourceTree = "<group>"; };
		111C0B372B44928C0018FE09 /* Info.plist */ = {isa = PBXFileReference; lastKnownFileType = text.plist.xml; path = Info.plist; sourceTree = "<group>"; };
		111C0B3C2B44928C0018FE09 /* moviesApplicationTestTests.xctest */ = {isa = PBXFileReference; explicitFileType = wrapper.cfbundle; includeInIndex = 0; path = moviesApplicationTestTests.xctest; sourceTree = BUILT_PRODUCTS_DIR; };
		111C0B402B44928C0018FE09 /* moviesApplicationTestTests.swift */ = {isa = PBXFileReference; lastKnownFileType = sourcecode.swift; path = moviesApplicationTestTests.swift; sourceTree = "<group>"; };
		111C0B462B44928C0018FE09 /* moviesApplicationTestUITests.xctest */ = {isa = PBXFileReference; explicitFileType = wrapper.cfbundle; includeInIndex = 0; path = moviesApplicationTestUITests.xctest; sourceTree = BUILT_PRODUCTS_DIR; };
		111C0B4A2B44928C0018FE09 /* moviesApplicationTestUITests.swift */ = {isa = PBXFileReference; lastKnownFileType = sourcecode.swift; path = moviesApplicationTestUITests.swift; sourceTree = "<group>"; };
		111C0B4C2B44928C0018FE09 /* moviesApplicationTestUITestsLaunchTests.swift */ = {isa = PBXFileReference; lastKnownFileType = sourcecode.swift; path = moviesApplicationTestUITestsLaunchTests.swift; sourceTree = "<group>"; };
/* End PBXFileReference section */

/* Begin PBXFrameworksBuildPhase section */
		111C0B232B44928A0018FE09 /* Frameworks */ = {
			isa = PBXFrameworksBuildPhase;
			buildActionMask = 2147483647;
			files = (
			);
			runOnlyForDeploymentPostprocessing = 0;
		};
		111C0B392B44928C0018FE09 /* Frameworks */ = {
			isa = PBXFrameworksBuildPhase;
			buildActionMask = 2147483647;
			files = (
			);
			runOnlyForDeploymentPostprocessing = 0;
		};
		111C0B432B44928C0018FE09 /* Frameworks */ = {
			isa = PBXFrameworksBuildPhase;
			buildActionMask = 2147483647;
			files = (
			);
			runOnlyForDeploymentPostprocessing = 0;
		};
/* End PBXFrameworksBuildPhase section */

/* Begin PBXGroup section */
		111C0B1D2B44928A0018FE09 = {
			isa = PBXGroup;
			children = (
				111C0B282B44928A0018FE09 /* moviesApplicationTest */,
				111C0B3F2B44928C0018FE09 /* moviesApplicationTestTests */,
				111C0B492B44928C0018FE09 /* moviesApplicationTestUITests */,
				111C0B272B44928A0018FE09 /* Products */,
			);
			sourceTree = "<group>";
		};
		111C0B272B44928A0018FE09 /* Products */ = {
			isa = PBXGroup;
			children = (
				111C0B262B44928A0018FE09 /* moviesApplicationTest.app */,
				111C0B3C2B44928C0018FE09 /* moviesApplicationTestTests.xctest */,
				111C0B462B44928C0018FE09 /* moviesApplicationTestUITests.xctest */,
			);
			name = Products;
			sourceTree = "<group>";
		};
		111C0B282B44928A0018FE09 /* moviesApplicationTest */ = {
			isa = PBXGroup;
			children = (
				111C0B292B44928A0018FE09 /* AppDelegate.swift */,
				111C0B2B2B44928A0018FE09 /* SceneDelegate.swift */,
				111C0B2D2B44928A0018FE09 /* ViewController.swift */,
				111C0B2F2B44928A0018FE09 /* Main.storyboard */,
				111C0B322B44928C0018FE09 /* Assets.xcassets */,
				111C0B342B44928C0018FE09 /* LaunchScreen.storyboard */,
				111C0B372B44928C0018FE09 /* Info.plist */,
			);
			path = moviesApplicationTest;
			sourceTree = "<group>";
		};
		111C0B3F2B44928C0018FE09 /* moviesApplicationTestTests */ = {
			isa = PBXGroup;
			children = (
				111C0B402B44928C0018FE09 /* moviesApplicationTestTests.swift */,
			);
			path = moviesApplicationTestTests;
			sourceTree = "<group>";
		};
		111C0B492B44928C0018FE09 /* moviesApplicationTestUITests */ = {
			isa = PBXGroup;
			children = (
				111C0B4A2B44928C0018FE09 /* moviesApplicationTestUITests.swift */,
				111C0B4C2B44928C0018FE09 /* moviesApplicationTestUITestsLaunchTests.swift */,
			);
			path = moviesApplicationTestUITests;
			sourceTree = "<group>";
		};
/* End PBXGroup section */

/* Begin PBXNativeTarget section */
		111C0B252B44928A0018FE09 /* moviesApplicationTest */ = {
			isa = PBXNativeTarget;
			buildConfigurationList = 111C0B502B44928C0018FE09 /* Build configuration list for PBXNativeTarget "moviesApplicationTest" */;
			buildPhases = (
				111C0B222B44928A0018FE09 /* Sources */,
				111C0B232B44928A0018FE09 /* Frameworks */,
				111C0B242B44928A0018FE09 /* Resources */,
			);
			buildRules = (
			);
			dependencies = (
			);
			name = moviesApplicationTest;
			productName = moviesApplicationTest;
			productReference = 111C0B262B44928A0018FE09 /* moviesApplicationTest.app */;
			productType = "com.apple.product-type.application";
		};
		111C0B3B2B44928C0018FE09 /* moviesApplicationTestTests */ = {
			isa = PBXNativeTarget;
			buildConfigurationList = 111C0B532B44928C0018FE09 /* Build configuration list for PBXNativeTarget "moviesApplicationTestTests" */;
			buildPhases = (
				111C0B382B44928C0018FE09 /* Sources */,
				111C0B392B44928C0018FE09 /* Frameworks */,
				111C0B3A2B44928C0018FE09 /* Resources */,
			);
			buildRules = (
			);
			dependencies = (
				111C0B3E2B44928C0018FE09 /* PBXTargetDependency */,
			);
			name = moviesApplicationTestTests;
			productName = moviesApplicationTestTests;
			productReference = 111C0B3C2B44928C0018FE09 /* moviesApplicationTestTests.xctest */;
			productType = "com.apple.product-type.bundle.unit-test";
		};
		111C0B452B44928C0018FE09 /* moviesApplicationTestUITests */ = {
			isa = PBXNativeTarget;
			buildConfigurationList = 111C0B562B44928C0018FE09 /* Build configuration list for PBXNativeTarget "moviesApplicationTestUITests" */;
			buildPhases = (
				111C0B422B44928C0018FE09 /* Sources */,
				111C0B432B44928C0018FE09 /* Frameworks */,
				111C0B442B44928C0018FE09 /* Resources */,
			);
			buildRules = (
			);
			dependencies = (
				111C0B482B44928C0018FE09 /* PBXTargetDependency */,
			);
			name = moviesApplicationTestUITests;
			productName = moviesApplicationTestUITests;
			productReference = 111C0B462B44928C0018FE09 /* moviesApplicationTestUITests.xctest */;
			productType = "com.apple.product-type.bundle.ui-testing";
		};
/* End PBXNativeTarget section */

/* Begin PBXProject section */
		111C0B1E2B44928A0018FE09 /* Project object */ = {
			isa = PBXProject;
			attributes = {
				BuildIndependentTargetsInParallel = 1;
				LastSwiftUpdateCheck = 1510;
				LastUpgradeCheck = 1510;
				TargetAttributes = {
					111C0B252B44928A0018FE09 = {
						CreatedOnToolsVersion = 15.1;
					};
					111C0B3B2B44928C0018FE09 = {
						CreatedOnToolsVersion = 15.1;
						TestTargetID = 111C0B252B44928A0018FE09;
					};
					111C0B452B44928C0018FE09 = {
						CreatedOnToolsVersion = 15.1;
						TestTargetID = 111C0B252B44928A0018FE09;
					};
				};
			};
			buildConfigurationList = 111C0B212B44928A0018FE09 /* Build configuration list for PBXProject "moviesApplicationTest" */;
			compatibilityVersion = "Xcode 14.0";
			developmentRegion = en;
			hasScannedForEncodings = 0;
			knownRegions = (
				en,
				Base,
			);
			mainGroup = 111C0B1D2B44928A0018FE09;
			productRefGroup = 111C0B272B44928A0018FE09 /* Products */;
			projectDirPath = "";
			projectRoot = "";
			targets = (
				111C0B252B44928A0018FE09 /* moviesApplicationTest */,
				111C0B3B2B44928C0018FE09 /* moviesApplicationTestTests */,
				111C0B452B44928C0018FE09 /* moviesApplicationTestUITests */,
			);
		};
/* End PBXProject section */

/* Begin PBXResourcesBuildPhase section */
		111C0B242B44928A0018FE09 /* Resources */ = {
			isa = PBXResourcesBuildPhase;
			buildActionMask = 2147483647;
			files = (
				111C0B362B44928C0018FE09 /* LaunchScreen.storyboard in Resources */,
				111C0B332B44928C0018FE09 /* Assets.xcassets in Resources */,
				111C0B312B44928A0018FE09 /* Main.storyboard in Resources */,
			);
			runOnlyForDeploymentPostprocessing = 0;
		};
		111C0B3A2B44928C0018FE09 /* Resources */ = {
			isa = PBXResourcesBuildPhase;
			buildActionMask = 2147483647;
			files = (
			);
			runOnlyForDeploymentPostprocessing = 0;
		};
		111C0B442B44928C0018FE09 /* Resources */ = {
			isa = PBXResourcesBuildPhase;
			buildActionMask = 2147483647;
			files = (
			);
			runOnlyForDeploymentPostprocessing = 0;
		};
/* End PBXResourcesBuildPhase section */

/* Begin PBXSourcesBuildPhase section */
		111C0B222B44928A0018FE09 /* Sources */ = {
			isa = PBXSourcesBuildPhase;
			buildActionMask = 2147483647;
			files = (
				111C0B2E2B44928A0018FE09 /* ViewController.swift in Sources */,
				111C0B2A2B44928A0018FE09 /* AppDelegate.swift in Sources */,
				111C0B2C2B44928A0018FE09 /* SceneDelegate.swift in Sources */,
			);
			runOnlyForDeploymentPostprocessing = 0;
		};
		111C0B382B44928C0018FE09 /* Sources */ = {
			isa = PBXSourcesBuildPhase;
			buildActionMask = 2147483647;
			files = (
				111C0B412B44928C0018FE09 /* moviesApplicationTestTests.swift in Sources */,
			);
			runOnlyForDeploymentPostprocessing = 0;
		};
		111C0B422B44928C0018FE09 /* Sources */ = {
			isa = PBXSourcesBuildPhase;
			buildActionMask = 2147483647;
			files = (
				111C0B4D2B44928C0018FE09 /* moviesApplicationTestUITestsLaunchTests.swift in Sources */,
				111C0B4B2B44928C0018FE09 /* moviesApplicationTestUITests.swift in Sources */,
			);
			runOnlyForDeploymentPostprocessing = 0;
		};
/* End PBXSourcesBuildPhase section */

/* Begin PBXTargetDependency section */
		111C0B3E2B44928C0018FE09 /* PBXTargetDependency */ = {
			isa = PBXTargetDependency;
			target = 111C0B252B44928A0018FE09 /* moviesApplicationTest */;
			targetProxy = 111C0B3D2B44928C0018FE09 /* PBXContainerItemProxy */;
		};
		111C0B482B44928C0018FE09 /* PBXTargetDependency */ = {
			isa = PBXTargetDependency;
			target = 111C0B252B44928A0018FE09 /* moviesApplicationTest */;
			targetProxy = 111C0B472B44928C0018FE09 /* PBXContainerItemProxy */;
		};
/* End PBXTargetDependency section */

/* Begin PBXVariantGroup section */
		111C0B2F2B44928A0018FE09 /* Main.storyboard */ = {
			isa = PBXVariantGroup;
			children = (
				111C0B302B44928A0018FE09 /* Base */,
			);
			name = Main.storyboard;
			sourceTree = "<group>";
		};
		111C0B342B44928C0018FE09 /* LaunchScreen.storyboard */ = {
			isa = PBXVariantGroup;
			children = (
				111C0B352B44928C0018FE09 /* Base */,
			);
			name = LaunchScreen.storyboard;
			sourceTree = "<group>";
		};
/* End PBXVariantGroup section */

/* Begin XCBuildConfiguration section */
		111C0B4E2B44928C0018FE09 /* Debug */ = {
			isa = XCBuildConfiguration;
			buildSettings = {
				ALWAYS_SEARCH_USER_PATHS = NO;
				ASSETCATALOG_COMPILER_GENERATE_SWIFT_ASSET_SYMBOL_EXTENSIONS = YES;
				CLANG_ANALYZER_NONNULL = YES;
				CLANG_ANALYZER_NUMBER_OBJECT_CONVERSION = YES_AGGRESSIVE;
				CLANG_CXX_LANGUAGE_STANDARD = "gnu++20";
				CLANG_ENABLE_MODULES = YES;
				CLANG_ENABLE_OBJC_ARC = YES;
				CLANG_ENABLE_OBJC_WEAK = YES;
				CLANG_WARN_BLOCK_CAPTURE_AUTORELEASING = YES;
				CLANG_WARN_BOOL_CONVERSION = YES;
				CLANG_WARN_COMMA = YES;
				CLANG_WARN_CONSTANT_CONVERSION = YES;
				CLANG_WARN_DEPRECATED_OBJC_IMPLEMENTATIONS = YES;
				CLANG_WARN_DIRECT_OBJC_ISA_USAGE = YES_ERROR;
				CLANG_WARN_DOCUMENTATION_COMMENTS = YES;
				CLANG_WARN_EMPTY_BODY = YES;
				CLANG_WARN_ENUM_CONVERSION = YES;
				CLANG_WARN_INFINITE_RECURSION = YES;
				CLANG_WARN_INT_CONVERSION = YES;
				CLANG_WARN_NON_LITERAL_NULL_CONVERSION = YES;
				CLANG_WARN_OBJC_IMPLICIT_RETAIN_SELF = YES;
				CLANG_WARN_OBJC_LITERAL_CONVERSION = YES;
				CLANG_WARN_OBJC_ROOT_CLASS = YES_ERROR;
				CLANG_WARN_QUOTED_INCLUDE_IN_FRAMEWORK_HEADER = YES;
				CLANG_WARN_RANGE_LOOP_ANALYSIS = YES;
				CLANG_WARN_STRICT_PROTOTYPES = YES;
				CLANG_WARN_SUSPICIOUS_MOVE = YES;
				CLANG_WARN_UNGUARDED_AVAILABILITY = YES_AGGRESSIVE;
				CLANG_WARN_UNREACHABLE_CODE = YES;
				CLANG_WARN__DUPLICATE_METHOD_MATCH = YES;
				COPY_PHASE_STRIP = NO;
				DEBUG_INFORMATION_FORMAT = dwarf;
				ENABLE_STRICT_OBJC_MSGSEND = YES;
				ENABLE_TESTABILITY = YES;
				ENABLE_USER_SCRIPT_SANDBOXING = YES;
				GCC_C_LANGUAGE_STANDARD = gnu17;
				GCC_DYNAMIC_NO_PIC = NO;
				GCC_NO_COMMON_BLOCKS = YES;
				GCC_OPTIMIZATION_LEVEL = 0;
				GCC_PREPROCESSOR_DEFINITIONS = (
					"DEBUG=1",
					"$(inherited)",
				);
				GCC_WARN_64_TO_32_BIT_CONVERSION = YES;
				GCC_WARN_ABOUT_RETURN_TYPE = YES_ERROR;
				GCC_WARN_UNDECLARED_SELECTOR = YES;
				GCC_WARN_UNINITIALIZED_AUTOS = YES_AGGRESSIVE;
				GCC_WARN_UNUSED_FUNCTION = YES;
				GCC_WARN_UNUSED_VARIABLE = YES;
				IPHONEOS_DEPLOYMENT_TARGET = 17.2;
				LOCALIZATION_PREFERS_STRING_CATALOGS = YES;
				MTL_ENABLE_DEBUG_INFO = INCLUDE_SOURCE;
				MTL_FAST_MATH = YES;
				ONLY_ACTIVE_ARCH = YES;
				SDKROOT = iphoneos;
				SWIFT_ACTIVE_COMPILATION_CONDITIONS = "DEBUG $(inherited)";
				SWIFT_OPTIMIZATION_LEVEL = "-Onone";
			};
			name = Debug;
		};
		111C0B4F2B44928C0018FE09 /* Release */ = {
			isa = XCBuildConfiguration;
			buildSettings = {
				ALWAYS_SEARCH_USER_PATHS = NO;
				ASSETCATALOG_COMPILER_GENERATE_SWIFT_ASSET_SYMBOL_EXTENSIONS = YES;
				CLANG_ANALYZER_NONNULL = YES;
				CLANG_ANALYZER_NUMBER_OBJECT_CONVERSION = YES_AGGRESSIVE;
				CLANG_CXX_LANGUAGE_STANDARD = "gnu++20";
				CLANG_ENABLE_MODULES = YES;
				CLANG_ENABLE_OBJC_ARC = YES;
				CLANG_ENABLE_OBJC_WEAK = YES;
				CLANG_WARN_BLOCK_CAPTURE_AUTORELEASING = YES;
				CLANG_WARN_BOOL_CONVERSION = YES;
				CLANG_WARN_COMMA = YES;
				CLANG_WARN_CONSTANT_CONVERSION = YES;
				CLANG_WARN_DEPRECATED_OBJC_IMPLEMENTATIONS = YES;
				CLANG_WARN_DIRECT_OBJC_ISA_USAGE = YES_ERROR;
				CLANG_WARN_DOCUMENTATION_COMMENTS = YES;
				CLANG_WARN_EMPTY_BODY = YES;
				CLANG_WARN_ENUM_CONVERSION = YES;
				CLANG_WARN_INFINITE_RECURSION = YES;
				CLANG_WARN_INT_CONVERSION = YES;
				CLANG_WARN_NON_LITERAL_NULL_CONVERSION = YES;
				CLANG_WARN_OBJC_IMPLICIT_RETAIN_SELF = YES;
				CLANG_WARN_OBJC_LITERAL_CONVERSION = YES;
				CLANG_WARN_OBJC_ROOT_CLASS = YES_ERROR;
				CLANG_WARN_QUOTED_INCLUDE_IN_FRAMEWORK_HEADER = YES;
				CLANG_WARN_RANGE_LOOP_ANALYSIS = YES;
				CLANG_WARN_STRICT_PROTOTYPES = YES;
				CLANG_WARN_SUSPICIOUS_MOVE = YES;
				CLANG_WARN_UNGUARDED_AVAILABILITY = YES_AGGRESSIVE;
				CLANG_WARN_UNREACHABLE_CODE = YES;
				CLANG_WARN__DUPLICATE_METHOD_MATCH = YES;
				COPY_PHASE_STRIP = NO;
				DEBUG_INFORMATION_FORMAT = "dwarf-with-dsym";
				ENABLE_NS_ASSERTIONS = NO;
				ENABLE_STRICT_OBJC_MSGSEND = YES;
				ENABLE_USER_SCRIPT_SANDBOXING = YES;
				GCC_C_LANGUAGE_STANDARD = gnu17;
				GCC_NO_COMMON_BLOCKS = YES;
				GCC_WARN_64_TO_32_BIT_CONVERSION = YES;
				GCC_WARN_ABOUT_RETURN_TYPE = YES_ERROR;
				GCC_WARN_UNDECLARED_SELECTOR = YES;
				GCC_WARN_UNINITIALIZED_AUTOS = YES_AGGRESSIVE;
				GCC_WARN_UNUSED_FUNCTION = YES;
				GCC_WARN_UNUSED_VARIABLE = YES;
				IPHONEOS_DEPLOYMENT_TARGET = 17.2;
				LOCALIZATION_PREFERS_STRING_CATALOGS = YES;
				MTL_ENABLE_DEBUG_INFO = NO;
				MTL_FAST_MATH = YES;
				SDKROOT = iphoneos;
				SWIFT_COMPILATION_MODE = wholemodule;
				VALIDATE_PRODUCT = YES;
			};
			name = Release;
		};
		111C0B512B44928C0018FE09 /* Debug */ = {
			isa = XCBuildConfiguration;
			buildSettings = {
				ASSETCATALOG_COMPILER_APPICON_NAME = AppIcon;
				ASSETCATALOG_COMPILER_GLOBAL_ACCENT_COLOR_NAME = AccentColor;
				CODE_SIGN_STYLE = Automatic;
				CURRENT_PROJECT_VERSION = 1;
				GENERATE_INFOPLIST_FILE = YES;
				INFOPLIST_FILE = moviesApplicationTest/Info.plist;
				INFOPLIST_KEY_UIApplicationSupportsIndirectInputEvents = YES;
				INFOPLIST_KEY_UILaunchStoryboardName = LaunchScreen;
				INFOPLIST_KEY_UIMainStoryboardFile = Main;
				INFOPLIST_KEY_UISupportedInterfaceOrientations_iPad = "UIInterfaceOrientationPortrait UIInterfaceOrientationPortraitUpsideDown UIInterfaceOrientationLandscapeLeft UIInterfaceOrientationLandscapeRight";
				INFOPLIST_KEY_UISupportedInterfaceOrientations_iPhone = "UIInterfaceOrientationPortrait UIInterfaceOrientationLandscapeLeft UIInterfaceOrientationLandscapeRight";
				LD_RUNPATH_SEARCH_PATHS = (
					"$(inherited)",
					"@executable_path/Frameworks",
				);
				MARKETING_VERSION = 1.0;
				PRODUCT_BUNDLE_IDENTIFIER = kabaliercanios.moviesApplicationTest;
				PRODUCT_NAME = "$(TARGET_NAME)";
				SWIFT_EMIT_LOC_STRINGS = YES;
				SWIFT_VERSION = 5.0;
				TARGETED_DEVICE_FAMILY = "1,2";
			};
			name = Debug;
		};
		111C0B522B44928C0018FE09 /* Release */ = {
			isa = XCBuildConfiguration;
			buildSettings = {
				ASSETCATALOG_COMPILER_APPICON_NAME = AppIcon;
				ASSETCATALOG_COMPILER_GLOBAL_ACCENT_COLOR_NAME = AccentColor;
				CODE_SIGN_STYLE = Automatic;
				CURRENT_PROJECT_VERSION = 1;
				GENERATE_INFOPLIST_FILE = YES;
				INFOPLIST_FILE = moviesApplicationTest/Info.plist;
				INFOPLIST_KEY_UIApplicationSupportsIndirectInputEvents = YES;
				INFOPLIST_KEY_UILaunchStoryboardName = LaunchScreen;
				INFOPLIST_KEY_UIMainStoryboardFile = Main;
				INFOPLIST_KEY_UISupportedInterfaceOrientations_iPad = "UIInterfaceOrientationPortrait UIInterfaceOrientationPortraitUpsideDown UIInterfaceOrientationLandscapeLeft UIInterfaceOrientationLandscapeRight";
				INFOPLIST_KEY_UISupportedInterfaceOrientations_iPhone = "UIInterfaceOrientationPortrait UIInterfaceOrientationLandscapeLeft UIInterfaceOrientationLandscapeRight";
				LD_RUNPATH_SEARCH_PATHS = (
					"$(inherited)",
					"@executable_path/Frameworks",
				);
				MARKETING_VERSION = 1.0;
				PRODUCT_BUNDLE_IDENTIFIER = kabaliercanios.moviesApplicationTest;
				PRODUCT_NAME = "$(TARGET_NAME)";
				SWIFT_EMIT_LOC_STRINGS = YES;
				SWIFT_VERSION = 5.0;
				TARGETED_DEVICE_FAMILY = "1,2";
			};
			name = Release;
		};
		111C0B542B44928C0018FE09 /* Debug */ = {
			isa = XCBuildConfiguration;
			buildSettings = {
				ALWAYS_EMBED_SWIFT_STANDARD_LIBRARIES = YES;
				BUNDLE_LOADER = "$(TEST_HOST)";
				CODE_SIGN_STYLE = Automatic;
				CURRENT_PROJECT_VERSION = 1;
				GENERATE_INFOPLIST_FILE = YES;
				IPHONEOS_DEPLOYMENT_TARGET = 17.2;
				MARKETING_VERSION = 1.0;
				PRODUCT_BUNDLE_IDENTIFIER = kabaliercanios.moviesApplicationTestTests;
				PRODUCT_NAME = "$(TARGET_NAME)";
				SWIFT_EMIT_LOC_STRINGS = NO;
				SWIFT_VERSION = 5.0;
				TARGETED_DEVICE_FAMILY = "1,2";
				TEST_HOST = "$(BUILT_PRODUCTS_DIR)/moviesApplicationTest.app/$(BUNDLE_EXECUTABLE_FOLDER_PATH)/moviesApplicationTest";
			};
			name = Debug;
		};
		111C0B552B44928C0018FE09 /* Release */ = {
			isa = XCBuildConfiguration;
			buildSettings = {
				ALWAYS_EMBED_SWIFT_STANDARD_LIBRARIES = YES;
				BUNDLE_LOADER = "$(TEST_HOST)";
				CODE_SIGN_STYLE = Automatic;
				CURRENT_PROJECT_VERSION = 1;
				GENERATE_INFOPLIST_FILE = YES;
				IPHONEOS_DEPLOYMENT_TARGET = 17.2;
				MARKETING_VERSION = 1.0;
				PRODUCT_BUNDLE_IDENTIFIER = kabaliercanios.moviesApplicationTestTests;
				PRODUCT_NAME = "$(TARGET_NAME)";
				SWIFT_EMIT_LOC_STRINGS = NO;
				SWIFT_VERSION = 5.0;
				TARGETED_DEVICE_FAMILY = "1,2";
				TEST_HOST = "$(BUILT_PRODUCTS_DIR)/moviesApplicationTest.app/$(BUNDLE_EXECUTABLE_FOLDER_PATH)/moviesApplicationTest";
			};
			name = Release;
		};
		111C0B572B44928C0018FE09 /* Debug */ = {
			isa = XCBuildConfiguration;
			buildSettings = {
				ALWAYS_EMBED_SWIFT_STANDARD_LIBRARIES = YES;
				CODE_SIGN_STYLE = Automatic;
				CURRENT_PROJECT_VERSION = 1;
				GENERATE_INFOPLIST_FILE = YES;
				MARKETING_VERSION = 1.0;
				PRODUCT_BUNDLE_IDENTIFIER = kabaliercanios.moviesApplicationTestUITests;
				PRODUCT_NAME = "$(TARGET_NAME)";
				SWIFT_EMIT_LOC_STRINGS = NO;
				SWIFT_VERSION = 5.0;
				TARGETED_DEVICE_FAMILY = "1,2";
				TEST_TARGET_NAME = moviesApplicationTest;
			};
			name = Debug;
		};
		111C0B582B44928C0018FE09 /* Release */ = {
			isa = XCBuildConfiguration;
			buildSettings = {
				ALWAYS_EMBED_SWIFT_STANDARD_LIBRARIES = YES;
				CODE_SIGN_STYLE = Automatic;
				CURRENT_PROJECT_VERSION = 1;
				GENERATE_INFOPLIST_FILE = YES;
				MARKETING_VERSION = 1.0;
				PRODUCT_BUNDLE_IDENTIFIER = kabaliercanios.moviesApplicationTestUITests;
				PRODUCT_NAME = "$(TARGET_NAME)";
				SWIFT_EMIT_LOC_STRINGS = NO;
				SWIFT_VERSION = 5.0;
				TARGETED_DEVICE_FAMILY = "1,2";
				TEST_TARGET_NAME = moviesApplicationTest;
			};
			name = Release;
		};
/* End XCBuildConfiguration section */

/* Begin XCConfigurationList section */
		111C0B212B44928A0018FE09 /* Build configuration list for PBXProject "moviesApplicationTest" */ = {
			isa = XCConfigurationList;
			buildConfigurations = (
				111C0B4E2B44928C0018FE09 /* Debug */,
				111C0B4F2B44928C0018FE09 /* Release */,
			);
			defaultConfigurationIsVisible = 0;
			defaultConfigurationName = Release;
		};
		111C0B502B44928C0018FE09 /* Build configuration list for PBXNativeTarget "moviesApplicationTest" */ = {
			isa = XCConfigurationList;
			buildConfigurations = (
				111C0B512B44928C0018FE09 /* Debug */,
				111C0B522B44928C0018FE09 /* Release */,
			);
			defaultConfigurationIsVisible = 0;
			defaultConfigurationName = Release;
		};
		111C0B532B44928C0018FE09 /* Build configuration list for PBXNativeTarget "moviesApplicationTestTests" */ = {
			isa = XCConfigurationList;
			buildConfigurations = (
				111C0B542B44928C0018FE09 /* Debug */,
				111C0B552B44928C0018FE09 /* Release */,
			);
			defaultConfigurationIsVisible = 0;
			defaultConfigurationName = Release;
		};
		111C0B562B44928C0018FE09 /* Build configuration list for PBXNativeTarget "moviesApplicationTestUITests" */ = {
			isa = XCConfigurationList;
			buildConfigurations = (
				111C0B572B44928C0018FE09 /* Debug */,
				111C0B582B44928C0018FE09 /* Release */,
			);
			defaultConfigurationIsVisible = 0;
			defaultConfigurationName = Release;
		};
/* End XCConfigurationList section */
	};
	rootObject = 111C0B1E2B44928A0018FE09 /* Project object */;
}
